github.com/gokutils/container v0.0.0-20230731043350-847b84116206 h1:GoBH+KffXut3F47bmoDRkazrJxvwswEVAzZMaW/+5i8=
github.com/gokutils/container v0.0.0-20230731043350-847b84116206/go.mod h1:KAmtebTVeODOUFwGtxnlOW+MKm6cCr4NQJE+6bhlAnM=
github.com/gokutils/container v1.0.0 h1:FUOrAgrKa4pvlYlATDp/3zU0WytUpct1pMZR3pNf4z4=
github.com/gokutils/container v1.0.0/go.mod h1:KAmtebTVeODOUFwGtxnlOW+MKm6cCr4NQJE+6bhlAnM=
